
Microsoft Visual Studio Solution File, Format Version 12.00
# Visual Studio 14
VisualStudioVersion = 14.0.25420.1
MinimumVisualStudioVersion = 10.0.40219.1
Project("{FAE04EC0-301F-11D3-BF4B-00C04F79EFBC}") = "Clase1.Ejercicio1.Figuras", "Clase1.Ejercicio1.Figuras\Clase1.Ejercicio1.Figuras.csproj", "{541B3099-AC0A-4275-85E1-EB7263735DCE}"
EndProject
Project("{FAE04EC0-301F-11D3-BF4B-00C04F79EFBC}") = "Clase1.Ejercicio1.Vial", "Ejercicio1.Vial\Clase1.Ejercicio1.Vial.csproj", "{DDBBB056-615C-44FF-BA72-8E5FD8E477E9}"
EndProject
Project("{FAE04EC0-301F-11D3-BF4B-00C04F79EFBC}") = "Clase3.Colecciones.Diccionario", "Clase3.Colecciones.Diccionario\Clase3.Colecciones.Diccionario.csproj", "{DE6DDADA-E47E-41B1-85BE-75131EE1FF33}"
EndProject
Project("{FAE04EC0-301F-11D3-BF4B-00C04F79EFBC}") = "Clase3.Colecciones.Listas", "Clase3.Colecciones.Listas\Clase3.Colecciones.Listas.csproj", "{F35E89E1-B32D-4935-9A7F-1D27B8C164ED}"
EndProject
Global
	GlobalSection(SolutionConfigurationPlatforms) = preSolution
		Debug|Any CPU = Debug|Any CPU
		Release|Any CPU = Release|Any CPU
	EndGlobalSection
	GlobalSection(ProjectConfigurationPlatforms) = postSolution
		{541B3099-AC0A-4275-85E1-EB7263735DCE}.Debug|Any CPU.ActiveCfg = Debug|Any CPU
		{541B3099-AC0A-4275-85E1-EB7263735DCE}.Debug|Any CPU.Build.0 = Debug|Any CPU
		{541B3099-AC0A-4275-85E1-EB7263735DCE}.Release|Any CPU.ActiveCfg = Release|Any CPU
		{541B3099-AC0A-4275-85E1-EB7263735DCE}.Release|Any CPU.Build.0 = Release|Any CPU
		{DDBBB056-615C-44FF-BA72-8E5FD8E477E9}.Debug|Any CPU.ActiveCfg = Debug|Any CPU
		{DDBBB056-615C-44FF-BA72-8E5FD8E477E9}.Debug|Any CPU.Build.0 = Debug|Any CPU
		{DDBBB056-615C-44FF-BA72-8E5FD8E477E9}.Release|Any CPU.ActiveCfg = Release|Any CPU
		{DDBBB056-615C-44FF-BA72-8E5FD8E477E9}.Release|Any CPU.Build.0 = Release|Any CPU
		{DE6DDADA-E47E-41B1-85BE-75131EE1FF33}.Debug|Any CPU.ActiveCfg = Debug|Any CPU
		{DE6DDADA-E47E-41B1-85BE-75131EE1FF33}.Debug|Any CPU.Build.0 = Debug|Any CPU
		{DE6DDADA-E47E-41B1-85BE-75131EE1FF33}.Release|Any CPU.ActiveCfg = Release|Any CPU
		{DE6DDADA-E47E-41B1-85BE-75131EE1FF33}.Release|Any CPU.Build.0 = Release|Any CPU
		{F35E89E1-B32D-4935-9A7F-1D27B8C164ED}.Debug|Any CPU.ActiveCfg = Debug|Any CPU
		{F35E89E1-B32D-4935-9A7F-1D27B8C164ED}.Debug|Any CPU.Build.0 = Debug|Any CPU
		{F35E89E1-B32D-4935-9A7F-1D27B8C164ED}.Release|Any CPU.ActiveCfg = Release|Any CPU
		{F35E89E1-B32D-4935-9A7F-1D27B8C164ED}.Release|Any CPU.Build.0 = Release|Any CPU
	EndGlobalSection
	GlobalSection(SolutionProperties) = preSolution
		HideSolutionNode = FALSE
	EndGlobalSection
EndGlobal
